// !$*UTF8*$!
{
	archiveVersion = 1;
	classes = {
	};
	objectVersion = 56;
	objects = {

/* Begin PBXBuildFile section */
		BF0000000000000000000001 /* LAStatusApp.swift in Sources */ = {isa = PBXBuildFile; fileRef = FR0000000000000000000011 /* LAStatusApp.swift */; };
		BF0000000000000000000002 /* ContentView.swift in Sources */ = {isa = PBXBuildFile; fileRef = FR0000000000000000000012 /* ContentView.swift */; };
		BF0000000000000000000003 /* LiveActivityManager.swift in Sources */ = {isa = PBXBuildFile; fileRef = FR0000000000000000000013 /* LiveActivityManager.swift */; };
		BF0000000000000000000004 /* LAShortcutsIntents.swift in Sources */ = {isa = PBXBuildFile; fileRef = FR0000000000000000000014 /* LAShortcutsIntents.swift */; };
		BF0000000000000000000005 /* LAStatus.swift in Sources */ = {isa = PBXBuildFile; fileRef = FR0000000000000000000021 /* LAStatus.swift */; };
		BF0000000000000000000006 /* LAActivityAttributes.swift in Sources */ = {isa = PBXBuildFile; fileRef = FR0000000000000000000022 /* LAActivityAttributes.swift */; };
		BF0000000000000000000007 /* LAStatusStorage.swift in Sources */ = {isa = PBXBuildFile; fileRef = FR0000000000000000000023 /* LAStatusStorage.swift */; };
		BF0000000000000000000008 /* Assets.xcassets in Resources */ = {isa = PBXBuildFile; fileRef = FR0000000000000000000031 /* Assets.xcassets */; };
		BF0000000000000000000009 /* LAStatusWidgetBundle.swift in Sources */ = {isa = PBXBuildFile; fileRef = FR0000000000000000000041 /* LAStatusWidgetBundle.swift */; };
		BF0000000000000000000010 /* LAStatusLiveActivity.swift in Sources */ = {isa = PBXBuildFile; fileRef = FR0000000000000000000042 /* LAStatusLiveActivity.swift */; };
		BF0000000000000000000011 /* LAStatus.swift in Sources */ = {isa = PBXBuildFile; fileRef = FR0000000000000000000021 /* LAStatus.swift */; };
		BF0000000000000000000012 /* LAActivityAttributes.swift in Sources */ = {isa = PBXBuildFile; fileRef = FR0000000000000000000022 /* LAActivityAttributes.swift */; };
		BF0000000000000000000013 /* LAStatusStorage.swift in Sources */ = {isa = PBXBuildFile; fileRef = FR0000000000000000000023 /* LAStatusStorage.swift */; };
		BF0000000000000000000014 /* Assets.xcassets in Resources */ = {isa = PBXBuildFile; fileRef = FR0000000000000000000051 /* Assets.xcassets */; };
		BF0000000000000000000015 /* LAStatusWidgetExtension.appex in Embed Foundation Extensions */ = {isa = PBXBuildFile; fileRef = FR0000000000000000000002 /* LAStatusWidgetExtension.appex */; settings = {ATTRIBUTES = (RemoveHeadersOnCopy, ); }; };
		BF0000000000000000000016 /* StatusIcon.swift in Sources */ = {isa = PBXBuildFile; fileRef = FR0000000000000000000024 /* StatusIcon.swift */; };
		BF0000000000000000000017 /* StatusIcon.swift in Sources */ = {isa = PBXBuildFile; fileRef = FR0000000000000000000024 /* StatusIcon.swift */; };
		BF0000000000000000000018 /* Localizable.strings in Resources */ = {isa = PBXBuildFile; fileRef = VG0000000000000000000001 /* Localizable.strings */; };
/* End PBXBuildFile section */

/* Begin PBXContainerItemProxy section */
		CP0000000000000000000002 /* PBXContainerItemProxy */ = {
			isa = PBXContainerItemProxy;
			containerPortal = PJ0000000000000000000001 /* Project object */;
			proxyType = 1;
			remoteGlobalIDString = NT0000000000000000000002;
			remoteInfo = LAStatusWidgetExtension;
		};
/* End PBXContainerItemProxy section */

/* Begin PBXCopyFilesBuildPhase section */
		CP0000000000000000000001 /* Embed Foundation Extensions */ = {
			isa = PBXCopyFilesBuildPhase;
			buildActionMask = 2147483647;
			dstPath = "";
			dstSubfolderSpec = 13;
			files = (
				BF0000000000000000000015 /* LAStatusWidgetExtension.appex in Embed Foundation Extensions */,
			);
			name = "Embed Foundation Extensions";
			runOnlyForDeploymentPostprocessing = 0;
		};
/* End PBXCopyFilesBuildPhase section */

/* Begin PBXFileReference section */
		FR0000000000000000000001 /* LAStatus.app */ = {isa = PBXFileReference; explicitFileType = wrapper.application; includeInIndex = 0; path = LAStatus.app; sourceTree = BUILT_PRODUCTS_DIR; };
		FR0000000000000000000002 /* LAStatusWidgetExtension.appex */ = {isa = PBXFileReference; explicitFileType = "wrapper.app-extension"; includeInIndex = 0; path = LAStatusWidgetExtension.appex; sourceTree = BUILT_PRODUCTS_DIR; };
		FR0000000000000000000011 /* LAStatusApp.swift */ = {isa = PBXFileReference; lastKnownFileType = sourcecode.swift; path = LAStatusApp.swift; sourceTree = "<group>"; };
		FR0000000000000000000012 /* ContentView.swift */ = {isa = PBXFileReference; lastKnownFileType = sourcecode.swift; path = ContentView.swift; sourceTree = "<group>"; };
		FR0000000000000000000013 /* LiveActivityManager.swift */ = {isa = PBXFileReference; lastKnownFileType = sourcecode.swift; path = LiveActivityManager.swift; sourceTree = "<group>"; };
		FR0000000000000000000014 /* LAShortcutsIntents.swift */ = {isa = PBXFileReference; lastKnownFileType = sourcecode.swift; path = LAShortcutsIntents.swift; sourceTree = "<group>"; };
		FR0000000000000000000021 /* LAStatus.swift */ = {isa = PBXFileReference; lastKnownFileType = sourcecode.swift; path = LAStatus.swift; sourceTree = "<group>"; };
		FR0000000000000000000022 /* LAActivityAttributes.swift */ = {isa = PBXFileReference; lastKnownFileType = sourcecode.swift; path = LAActivityAttributes.swift; sourceTree = "<group>"; };
		FR0000000000000000000023 /* LAStatusStorage.swift */ = {isa = PBXFileReference; lastKnownFileType = sourcecode.swift; path = LAStatusStorage.swift; sourceTree = "<group>"; };
		FR0000000000000000000024 /* StatusIcon.swift */ = {isa = PBXFileReference; lastKnownFileType = sourcecode.swift; path = StatusIcon.swift; sourceTree = "<group>"; };
		FR0000000000000000000031 /* Assets.xcassets */ = {isa = PBXFileReference; lastKnownFileType = folder.assetcatalog; path = Assets.xcassets; sourceTree = "<group>"; };
		FR0000000000000000000032 /* LAStatus.entitlements */ = {isa = PBXFileReference; lastKnownFileType = text.plist.entitlements; path = LAStatus.entitlements; sourceTree = "<group>"; };
		FR0000000000000000000041 /* LAStatusWidgetBundle.swift */ = {isa = PBXFileReference; lastKnownFileType = sourcecode.swift; path = LAStatusWidgetBundle.swift; sourceTree = "<group>"; };
		FR0000000000000000000042 /* LAStatusLiveActivity.swift */ = {isa = PBXFileReference; lastKnownFileType = sourcecode.swift; path = LAStatusLiveActivity.swift; sourceTree = "<group>"; };
		FR0000000000000000000051 /* Assets.xcassets */ = {isa = PBXFileReference; lastKnownFileType = folder.assetcatalog; path = Assets.xcassets; sourceTree = "<group>"; };
		FR0000000000000000000052 /* LAStatusWidgetExtension.entitlements */ = {isa = PBXFileReference; lastKnownFileType = text.plist.entitlements; path = LAStatusWidgetExtension.entitlements; sourceTree = "<group>"; };
		FR0000000000000000000053 /* Info.plist */ = {isa = PBXFileReference; lastKnownFileType = text.plist.xml; path = Info.plist; sourceTree = "<group>"; };
		FR0000000000000000000061 /* en */ = {isa = PBXFileReference; lastKnownFileType = text.plist.strings; name = en; path = en.lproj/Localizable.strings; sourceTree = "<group>"; };
		FR0000000000000000000062 /* ru */ = {isa = PBXFileReference; lastKnownFileType = text.plist.strings; name = ru; path = ru.lproj/Localizable.strings; sourceTree = "<group>"; };
/* End PBXFileReference section */

/* Begin PBXFrameworksBuildPhase section */
		FW0000000000000000000001 /* Frameworks */ = {
			isa = PBXFrameworksBuildPhase;
			buildActionMask = 2147483647;
			files = (
			);
			runOnlyForDeploymentPostprocessing = 0;
		};
		FW0000000000000000000002 /* Frameworks */ = {
			isa = PBXFrameworksBuildPhase;
			buildActionMask = 2147483647;
			files = (
			);
			runOnlyForDeploymentPostprocessing = 0;
		};
/* End PBXFrameworksBuildPhase section */

/* Begin PBXGroup section */
		GP0000000000000000000001 = {
			isa = PBXGroup;
			children = (
				GP0000000000000000000002 /* LAStatus */,
				GP0000000000000000000003 /* Shared */,
				GP0000000000000000000004 /* LAStatusWidget */,
				GP0000000000000000000005 /* Products */,
			);
			sourceTree = "<group>";
		};
		GP0000000000000000000002 /* LAStatus */ = {
			isa = PBXGroup;
			children = (
				FR0000000000000000000011 /* LAStatusApp.swift */,
				FR0000000000000000000012 /* ContentView.swift */,
				FR0000000000000000000013 /* LiveActivityManager.swift */,
				FR0000000000000000000014 /* LAShortcutsIntents.swift */,
				VG0000000000000000000001 /* Localizable.strings */,
				FR0000000000000000000031 /* Assets.xcassets */,
				FR0000000000000000000032 /* LAStatus.entitlements */,
			);
			path = LAStatus;
			sourceTree = "<group>";
		};
		GP0000000000000000000003 /* Shared */ = {
			isa = PBXGroup;
			children = (
				FR0000000000000000000021 /* LAStatus.swift */,
				FR0000000000000000000022 /* LAActivityAttributes.swift */,
				FR0000000000000000000023 /* LAStatusStorage.swift */,
				FR0000000000000000000024 /* StatusIcon.swift */,
			);
			path = Shared;
			sourceTree = "<group>";
		};
		GP0000000000000000000004 /* LAStatusWidget */ = {
			isa = PBXGroup;
			children = (
				FR0000000000000000000041 /* LAStatusWidgetBundle.swift */,
				FR0000000000000000000042 /* LAStatusLiveActivity.swift */,
				FR0000000000000000000051 /* Assets.xcassets */,
				FR0000000000000000000052 /* LAStatusWidgetExtension.entitlements */,
				FR0000000000000000000053 /* Info.plist */,
			);
			path = LAStatusWidget;
			sourceTree = "<group>";
		};
		GP0000000000000000000005 /* Products */ = {
			isa = PBXGroup;
			children = (
				FR0000000000000000000001 /* LAStatus.app */,
				FR0000000000000000000002 /* LAStatusWidgetExtension.appex */,
			);
			name = Products;
			sourceTree = "<group>";
		};
/* End PBXGroup section */

/* Begin PBXNativeTarget section */
		NT0000000000000000000001 /* LAStatus */ = {
			isa = PBXNativeTarget;
			buildConfigurationList = CL0000000000000000000001 /* Build configuration list for PBXNativeTarget "LAStatus" */;
			buildPhases = (
				SR0000000000000000000001 /* Sources */,
				FW0000000000000000000001 /* Frameworks */,
				RS0000000000000000000001 /* Resources */,
				CP0000000000000000000001 /* Embed Foundation Extensions */,
			);
			buildRules = (
			);
			dependencies = (
				TD0000000000000000000001 /* PBXTargetDependency */,
			);
			name = LAStatus;
			productName = LAStatus;
			productReference = FR0000000000000000000001 /* LAStatus.app */;
			productType = "com.apple.product-type.application";
		};
		NT0000000000000000000002 /* LAStatusWidgetExtension */ = {
			isa = PBXNativeTarget;
			buildConfigurationList = CL0000000000000000000002 /* Build configuration list for PBXNativeTarget "LAStatusWidgetExtension" */;
			buildPhases = (
				SR0000000000000000000002 /* Sources */,
				FW0000000000000000000002 /* Frameworks */,
				RS0000000000000000000002 /* Resources */,
			);
			buildRules = (
			);
			dependencies = (
			);
			name = LAStatusWidgetExtension;
			productName = LAStatusWidgetExtension;
			productReference = FR0000000000000000000002 /* LAStatusWidgetExtension.appex */;
			productType = "com.apple.product-type.app-extension";
		};
/* End PBXNativeTarget section */

/* Begin PBXProject section */
		PJ0000000000000000000001 /* Project object */ = {
			isa = PBXProject;
			attributes = {
				BuildIndependentTargetsInParallel = 1;
				LastSwiftUpdateCheck = 1500;
				LastUpgradeCheck = 2640;
				TargetAttributes = {
					NT0000000000000000000001 = {
						CreatedOnToolsVersion = 15.0;
					};
					NT0000000000000000000002 = {
						CreatedOnToolsVersion = 15.0;
					};
				};
			};
			buildConfigurationList = CL0000000000000000000003 /* Build configuration list for PBXProject "LAStatus" */;
			compatibilityVersion = "Xcode 14.0";
			developmentRegion = en;
			hasScannedForEncodings = 0;
			knownRegions = (
				en,
				ru,
				Base,
			);
			mainGroup = GP0000000000000000000001;
			productRefGroup = GP0000000000000000000005 /* Products */;
			projectDirPath = "";
			projectRoot = "";
			targets = (
				NT0000000000000000000001 /* LAStatus */,
				NT0000000000000000000002 /* LAStatusWidgetExtension */,
			);
		};
/* End PBXProject section */

/* Begin PBXResourcesBuildPhase section */
		RS0000000000000000000001 /* Resources */ = {
			isa = PBXResourcesBuildPhase;
			buildActionMask = 2147483647;
			files = (
				BF0000000000000000000008 /* Assets.xcassets in Resources */,
				BF0000000000000000000018 /* Localizable.strings in Resources */,
			);
			runOnlyForDeploymentPostprocessing = 0;
		};
		RS0000000000000000000002 /* Resources */ = {
			isa = PBXResourcesBuildPhase;
			buildActionMask = 2147483647;
			files = (
				BF0000000000000000000014 /* Assets.xcassets in Resources */,
			);
			runOnlyForDeploymentPostprocessing = 0;
		};
/* End PBXResourcesBuildPhase section */

/* Begin PBXSourcesBuildPhase section */
		SR0000000000000000000001 /* Sources */ = {
			isa = PBXSourcesBuildPhase;
			buildActionMask = 2147483647;
			files = (
				BF0000000000000000000001 /* LAStatusApp.swift in Sources */,
				BF0000000000000000000002 /* ContentView.swift in Sources */,
				BF0000000000000000000003 /* LiveActivityManager.swift in Sources */,
				BF0000000000000000000004 /* LAShortcutsIntents.swift in Sources */,
				BF0000000000000000000005 /* LAStatus.swift in Sources */,
				BF0000000000000000000006 /* LAActivityAttributes.swift in Sources */,
				BF0000000000000000000007 /* LAStatusStorage.swift in Sources */,
				BF0000000000000000000016 /* StatusIcon.swift in Sources */,
			);
			runOnlyForDeploymentPostprocessing = 0;
		};
		SR0000000000000000000002 /* Sources */ = {
			isa = PBXSourcesBuildPhase;
			buildActionMask = 2147483647;
			files = (
				BF0000000000000000000009 /* LAStatusWidgetBundle.swift in Sources */,
				BF0000000000000000000010 /* LAStatusLiveActivity.swift in Sources */,
				BF0000000000000000000011 /* LAStatus.swift in Sources */,
				BF0000000000000000000012 /* LAActivityAttributes.swift in Sources */,
				BF0000000000000000000013 /* LAStatusStorage.swift in Sources */,
				BF0000000000000000000017 /* StatusIcon.swift in Sources */,
			);
			runOnlyForDeploymentPostprocessing = 0;
		};
/* End PBXSourcesBuildPhase section */

/* Begin PBXTargetDependency section */
		TD0000000000000000000001 /* PBXTargetDependency */ = {
			isa = PBXTargetDependency;
			target = NT0000000000000000000002 /* LAStatusWidgetExtension */;
			targetProxy = CP0000000000000000000002 /* PBXContainerItemProxy */;
		};
/* End PBXTargetDependency section */

/* Begin PBXVariantGroup section */
		VG0000000000000000000001 /* Localizable.strings */ = {
			isa = PBXVariantGroup;
			children = (
				FR0000000000000000000061 /* en */,
				FR0000000000000000000062 /* ru */,
			);
			name = Localizable.strings;
			sourceTree = "<group>";
		};
/* End PBXVariantGroup section */

/* Begin XCBuildConfiguration section */
		XC0000000000000000000001 /* Debug */ = {
			isa = XCBuildConfiguration;
			buildSettings = {
				ALWAYS_SEARCH_USER_PATHS = NO;
				ASSETCATALOG_COMPILER_GENERATE_SWIFT_ASSET_SYMBOL_EXTENSIONS = YES;
				CLANG_ANALYZER_NONNULL = YES;
				CLANG_ANALYZER_NUMBER_OBJECT_CONVERSION = YES_AGGRESSIVE;
				CLANG_CXX_LANGUAGE_STANDARD = "gnu++20";
				CLANG_ENABLE_MODULES = YES;
				CLANG_ENABLE_OBJC_ARC = YES;
				CLANG_ENABLE_OBJC_WEAK = YES;
				CLANG_WARN_BLOCK_CAPTURE_AUTORELEASING = YES;
				CLANG_WARN_BOOL_CONVERSION = YES;
				CLANG_WARN_COMMA = YES;
				CLANG_WARN_CONSTANT_CONVERSION = YES;
				CLANG_WARN_DEPRECATED_OBJC_IMPLEMENTATIONS = YES;
				CLANG_WARN_DIRECT_OBJC_ISA_USAGE = YES_ERROR;
				CLANG_WARN_DOCUMENTATION_COMMENTS = YES;
				CLANG_WARN_EMPTY_BODY = YES;
				CLANG_WARN_ENUM_CONVERSION = YES;
				CLANG_WARN_INFINITE_RECURSION = YES;
				CLANG_WARN_INT_CONVERSION = YES;
				CLANG_WARN_NON_LITERAL_NULL_CONVERSION = YES;
				CLANG_WARN_OBJC_IMPLICIT_RETAIN_SELF = YES;
				CLANG_WARN_OBJC_LITERAL_CONVERSION = YES;
				CLANG_WARN_OBJC_ROOT_CLASS = YES_ERROR;
				CLANG_WARN_QUOTED_INCLUDE_IN_FRAMEWORK_HEADER = YES;
				CLANG_WARN_RANGE_LOOP_ANALYSIS = YES;
				CLANG_WARN_STRICT_PROTOTYPES = YES;
				CLANG_WARN_SUSPICIOUS_MOVE = YES;
				CLANG_WARN_UNGUARDED_AVAILABILITY = YES_AGGRESSIVE;
				CLANG_WARN_UNREACHABLE_CODE = YES;
				CLANG_WARN__DUPLICATE_METHOD_MATCH = YES;
				COPY_PHASE_STRIP = NO;
				DEBUG_INFORMATION_FORMAT = dwarf;
				DEVELOPMENT_TEAM = YA5J3C4GA3;
				ENABLE_STRICT_OBJC_MSGSEND = YES;
				ENABLE_TESTABILITY = YES;
				ENABLE_USER_SCRIPT_SANDBOXING = YES;
				GCC_C_LANGUAGE_STANDARD = gnu17;
				GCC_DYNAMIC_NO_PIC = NO;
				GCC_NO_COMMON_BLOCKS = YES;
				GCC_OPTIMIZATION_LEVEL = 0;
				GCC_PREPROCESSOR_DEFINITIONS = (
					"DEBUG=1",
					"$(inherited)",
				);
				GCC_WARN_64_TO_32_BIT_CONVERSION = YES;
				GCC_WARN_ABOUT_RETURN_TYPE = YES_ERROR;
				GCC_WARN_UNDECLARED_SELECTOR = YES;
				GCC_WARN_UNINITIALIZED_AUTOS = YES_AGGRESSIVE;
				GCC_WARN_UNUSED_FUNCTION = YES;
				GCC_WARN_UNUSED_VARIABLE = YES;
				IPHONEOS_DEPLOYMENT_TARGET = 17.0;
				LOCALIZATION_PREFERS_STRING_CATALOGS = YES;
				MTL_ENABLE_DEBUG_INFO = INCLUDE_SOURCE;
				MTL_FAST_MATH = YES;
				ONLY_ACTIVE_ARCH = YES;
				PARENT_APP_BUNDLE_IDENTIFIER = com.lastatus.LAStatus;
				SDKROOT = iphoneos;
				STRING_CATALOG_GENERATE_SYMBOLS = YES;
				SWIFT_ACTIVE_COMPILATION_CONDITIONS = "DEBUG $(inherited)";
				SWIFT_OPTIMIZATION_LEVEL = "-Onone";
			};
			name = Debug;
		};
		XC0000000000000000000002 /* Release */ = {
			isa = XCBuildConfiguration;
			buildSettings = {
				ALWAYS_SEARCH_USER_PATHS = NO;
				ASSETCATALOG_COMPILER_GENERATE_SWIFT_ASSET_SYMBOL_EXTENSIONS = YES;
				CLANG_ANALYZER_NONNULL = YES;
				CLANG_ANALYZER_NUMBER_OBJECT_CONVERSION = YES_AGGRESSIVE;
				CLANG_CXX_LANGUAGE_STANDARD = "gnu++20";
				CLANG_ENABLE_MODULES = YES;
				CLANG_ENABLE_OBJC_ARC = YES;
				CLANG_ENABLE_OBJC_WEAK = YES;
				CLANG_WARN_BLOCK_CAPTURE_AUTORELEASING = YES;
				CLANG_WARN_BOOL_CONVERSION = YES;
				CLANG_WARN_COMMA = YES;
				CLANG_WARN_CONSTANT_CONVERSION = YES;
				CLANG_WARN_DEPRECATED_OBJC_IMPLEMENTATIONS = YES;
				CLANG_WARN_DIRECT_OBJC_ISA_USAGE = YES_ERROR;
				CLANG_WARN_DOCUMENTATION_COMMENTS = YES;
				CLANG_WARN_EMPTY_BODY = YES;
				CLANG_WARN_ENUM_CONVERSION = YES;
				CLANG_WARN_INFINITE_RECURSION = YES;
				CLANG_WARN_INT_CONVERSION = YES;
				CLANG_WARN_NON_LITERAL_NULL_CONVERSION = YES;
				CLANG_WARN_OBJC_IMPLICIT_RETAIN_SELF = YES;
				CLANG_WARN_OBJC_LITERAL_CONVERSION = YES;
				CLANG_WARN_OBJC_ROOT_CLASS = YES_ERROR;
				CLANG_WARN_QUOTED_INCLUDE_IN_FRAMEWORK_HEADER = YES;
				CLANG_WARN_RANGE_LOOP_ANALYSIS = YES;
				CLANG_WARN_STRICT_PROTOTYPES = YES;
				CLANG_WARN_SUSPICIOUS_MOVE = YES;
				CLANG_WARN_UNGUARDED_AVAILABILITY = YES_AGGRESSIVE;
				CLANG_WARN_UNREACHABLE_CODE = YES;
				CLANG_WARN__DUPLICATE_METHOD_MATCH = YES;
				COPY_PHASE_STRIP = NO;
				DEBUG_INFORMATION_FORMAT = "dwarf-with-dsym";
				DEVELOPMENT_TEAM = YA5J3C4GA3;
				ENABLE_NS_ASSERTIONS = NO;
				ENABLE_STRICT_OBJC_MSGSEND = YES;
				ENABLE_USER_SCRIPT_SANDBOXING = YES;
				GCC_C_LANGUAGE_STANDARD = gnu17;
				GCC_NO_COMMON_BLOCKS = YES;
				GCC_WARN_64_TO_32_BIT_CONVERSION = YES;
				GCC_WARN_ABOUT_RETURN_TYPE = YES_ERROR;
				GCC_WARN_UNDECLARED_SELECTOR = YES;
				GCC_WARN_UNINITIALIZED_AUTOS = YES_AGGRESSIVE;
				GCC_WARN_UNUSED_FUNCTION = YES;
				GCC_WARN_UNUSED_VARIABLE = YES;
				IPHONEOS_DEPLOYMENT_TARGET = 17.0;
				LOCALIZATION_PREFERS_STRING_CATALOGS = YES;
				MTL_ENABLE_DEBUG_INFO = NO;
				MTL_FAST_MATH = YES;
				PARENT_APP_BUNDLE_IDENTIFIER = com.lastatus.LAStatus;
				SDKROOT = iphoneos;
				STRING_CATALOG_GENERATE_SYMBOLS = YES;
				SWIFT_COMPILATION_MODE = wholemodule;
				VALIDATE_PRODUCT = YES;
			};
			name = Release;
		};
		XC0000000000000000000003 /* Debug */ = {
			isa = XCBuildConfiguration;
			buildSettings = {
				ASSETCATALOG_COMPILER_APPICON_NAME = AppIcon;
				CODE_SIGN_ENTITLEMENTS = LAStatus/LAStatus.entitlements;
				CODE_SIGN_STYLE = Automatic;
				CURRENT_PROJECT_VERSION = 1;
				ENABLE_PREVIEWS = YES;
				GENERATE_INFOPLIST_FILE = YES;
				INFOPLIST_KEY_CFBundleDisplayName = "LA Status";
				INFOPLIST_KEY_NSSupportsLiveActivities = YES;
				INFOPLIST_KEY_UIApplicationSceneManifest_Generation = YES;
				INFOPLIST_KEY_UILaunchScreen_Generation = YES;
				INFOPLIST_KEY_UISupportedInterfaceOrientations = UIInterfaceOrientationPortrait;
				LD_RUNPATH_SEARCH_PATHS = (
					"$(inherited)",
					"@executable_path/Frameworks",
				);
				MARKETING_VERSION = 1.0;
				PARENT_APP_BUNDLE_IDENTIFIER = com.lastatus.LAStatus;
				PRODUCT_BUNDLE_IDENTIFIER = com.lastatus.LAStatus;
				PRODUCT_NAME = "$(TARGET_NAME)";
				SUPPORTED_PLATFORMS = "iphoneos iphonesimulator";
				SUPPORTS_MACCATALYST = NO;
				SWIFT_EMIT_LOC_STRINGS = YES;
				SWIFT_VERSION = 5.0;
				TARGETED_DEVICE_FAMILY = 1;
			};
			name = Debug;
		};
		XC0000000000000000000004 /* Release */ = {
			isa = XCBuildConfiguration;
			buildSettings = {
				ASSETCATALOG_COMPILER_APPICON_NAME = AppIcon;
				CODE_SIGN_ENTITLEMENTS = LAStatus/LAStatus.entitlements;
				CODE_SIGN_STYLE = Automatic;
				CURRENT_PROJECT_VERSION = 1;
				ENABLE_PREVIEWS = YES;
				GENERATE_INFOPLIST_FILE = YES;
				INFOPLIST_KEY_CFBundleDisplayName = "LA Status";
				INFOPLIST_KEY_NSSupportsLiveActivities = YES;
				INFOPLIST_KEY_UIApplicationSceneManifest_Generation = YES;
				INFOPLIST_KEY_UILaunchScreen_Generation = YES;
				INFOPLIST_KEY_UISupportedInterfaceOrientations = UIInterfaceOrientationPortrait;
				LD_RUNPATH_SEARCH_PATHS = (
					"$(inherited)",
					"@executable_path/Frameworks",
				);
				MARKETING_VERSION = 1.0;
				PARENT_APP_BUNDLE_IDENTIFIER = com.lastatus.LAStatus;
				PRODUCT_BUNDLE_IDENTIFIER = com.lastatus.LAStatus;
				PRODUCT_NAME = "$(TARGET_NAME)";
				SUPPORTED_PLATFORMS = "iphoneos iphonesimulator";
				SUPPORTS_MACCATALYST = NO;
				SWIFT_EMIT_LOC_STRINGS = YES;
				SWIFT_VERSION = 5.0;
				TARGETED_DEVICE_FAMILY = 1;
			};
			name = Release;
		};
		XC0000000000000000000005 /* Debug */ = {
			isa = XCBuildConfiguration;
			buildSettings = {
				CODE_SIGN_ENTITLEMENTS = LAStatusWidget/LAStatusWidgetExtension.entitlements;
				CODE_SIGN_STYLE = Automatic;
				CURRENT_PROJECT_VERSION = 1;
				GENERATE_INFOPLIST_FILE = NO;
				INFOPLIST_FILE = LAStatusWidget/Info.plist;
				INFOPLIST_KEY_CFBundleDisplayName = LAStatusWidget;
				INFOPLIST_KEY_NSHumanReadableCopyright = "";
				LD_RUNPATH_SEARCH_PATHS = (
					"$(inherited)",
					"@executable_path/Frameworks",
					"@executable_path/../../Frameworks",
				);
				MARKETING_VERSION = 1.0;
				PARENT_APP_BUNDLE_IDENTIFIER = com.lastatus.LAStatus;
				PRODUCT_BUNDLE_IDENTIFIER = com.lastatus.LAStatus.LAStatusWidget;
				PRODUCT_NAME = "$(TARGET_NAME)";
				SKIP_INSTALL = YES;
				SUPPORTED_PLATFORMS = "iphoneos iphonesimulator";
				SUPPORTS_MACCATALYST = NO;
				SWIFT_EMIT_LOC_STRINGS = YES;
				SWIFT_VERSION = 5.0;
				TARGETED_DEVICE_FAMILY = 1;
			};
			name = Debug;
		};
		XC0000000000000000000006 /* Release */ = {
			isa = XCBuildConfiguration;
			buildSettings = {
				CODE_SIGN_ENTITLEMENTS = LAStatusWidget/LAStatusWidgetExtension.entitlements;
				CODE_SIGN_STYLE = Automatic;
				CURRENT_PROJECT_VERSION = 1;
				GENERATE_INFOPLIST_FILE = NO;
				INFOPLIST_FILE = LAStatusWidget/Info.plist;
				INFOPLIST_KEY_CFBundleDisplayName = LAStatusWidget;
				INFOPLIST_KEY_NSHumanReadableCopyright = "";
				LD_RUNPATH_SEARCH_PATHS = (
					"$(inherited)",
					"@executable_path/Frameworks",
					"@executable_path/../../Frameworks",
				);
				MARKETING_VERSION = 1.0;
				PARENT_APP_BUNDLE_IDENTIFIER = com.lastatus.LAStatus;
				PRODUCT_BUNDLE_IDENTIFIER = com.lastatus.LAStatus.LAStatusWidget;
				PRODUCT_NAME = "$(TARGET_NAME)";
				SKIP_INSTALL = YES;
				SUPPORTED_PLATFORMS = "iphoneos iphonesimulator";
				SUPPORTS_MACCATALYST = NO;
				SWIFT_EMIT_LOC_STRINGS = YES;
				SWIFT_VERSION = 5.0;
				TARGETED_DEVICE_FAMILY = 1;
			};
			name = Release;
		};
/* End XCBuildConfiguration section */

/* Begin XCConfigurationList section */
		CL0000000000000000000001 /* Build configuration list for PBXNativeTarget "LAStatus" */ = {
			isa = XCConfigurationList;
			buildConfigurations = (
				XC0000000000000000000003 /* Debug */,
				XC0000000000000000000004 /* Release */,
			);
			defaultConfigurationIsVisible = 0;
			defaultConfigurationName = Release;
		};
		CL0000000000000000000002 /* Build configuration list for PBXNativeTarget "LAStatusWidgetExtension" */ = {
			isa = XCConfigurationList;
			buildConfigurations = (
				XC0000000000000000000005 /* Debug */,
				XC0000000000000000000006 /* Release */,
			);
			defaultConfigurationIsVisible = 0;
			defaultConfigurationName = Release;
		};
		CL0000000000000000000003 /* Build configuration list for PBXProject "LAStatus" */ = {
			isa = XCConfigurationList;
			buildConfigurations = (
				XC0000000000000000000001 /* Debug */,
				XC0000000000000000000002 /* Release */,
			);
			defaultConfigurationIsVisible = 0;
			defaultConfigurationName = Release;
		};
/* End XCConfigurationList section */
	};
	rootObject = PJ0000000000000000000001 /* Project object */;
}
